
Microsoft Visual Studio Solution File, Format Version 12.00
# Visual Studio Version 17
VisualStudioVersion = 17.0.31903.59
MinimumVisualStudioVersion = 10.0.40219.1
Project("{FAE04EC0-301F-11D3-BF4B-00C04F79EFBC}") = "DesafioArquiteturaSoftware.Api", "DesafioArquiteturaSoftware.Api\DesafioArquiteturaSoftware.Api.csproj", "{0EFBCF9A-ED07-4F3C-8E70-4E716078D252}"
EndProject
Project("{FAE04EC0-301F-11D3-BF4B-00C04F79EFBC}") = "DesafioArquiteturaSoftware.Application", "DesafioArquiteturaSoftware.Application\DesafioArquiteturaSoftware.Application.csproj", "{9435C979-7973-4F94-8997-8921055B350F}"
EndProject
Project("{FAE04EC0-301F-11D3-BF4B-00C04F79EFBC}") = "DesafioArquiteturaSoftware.Domain", "DesafioArquiteturaSoftware.Domain\DesafioArquiteturaSoftware.Domain.csproj", "{CE2F4748-05B4-40ED-A88D-6F5BDD94D229}"
EndProject
Project("{FAE04EC0-301F-11D3-BF4B-00C04F79EFBC}") = "DesafioArquiteturaSoftware.Infrastructure", "DesafioArquiteturaSoftware.Infrastructure\DesafioArquiteturaSoftware.Infrastructure.csproj", "{2C4914A0-7261-4A4A-A9D0-98371830ED95}"
EndProject
Project("{2150E333-8FDC-42A3-9474-1A3956D46DE8}") = "01-Microservices", "01-Microservices", "{02EA681E-C7D8-13C7-8484-4AC65E1B71E8}"
EndProject
Project("{2150E333-8FDC-42A3-9474-1A3956D46DE8}") = "02-Business", "02-Business", "{81006982-63BC-48D3-A1D9-1DA6E67BBE61}"
EndProject
Project("{2150E333-8FDC-42A3-9474-1A3956D46DE8}") = "03-Domain", "03-Domain", "{1D4BDBD1-C7D3-465F-ADD2-1DB80B1661BF}"
EndProject
Project("{2150E333-8FDC-42A3-9474-1A3956D46DE8}") = "04-Infra", "04-Infra", "{CC9033AF-03DE-4990-9D4C-339CCE0C4EA6}"
EndProject
Project("{2150E333-8FDC-42A3-9474-1A3956D46DE8}") = "05-Tests", "05-Tests", "{FE41C874-53E6-4577-99A9-0E17DE81A2C6}"
EndProject
Project("{FAE04EC0-301F-11D3-BF4B-00C04F79EFBC}") = "DesafioArquiteturaSoftware.Tests", "DesafioArquiteturaSoftware.Tests\DesafioArquiteturaSoftware.Tests.csproj", "{0ADE1212-C71E-4F89-B4FC-463E08277F21}"
EndProject
Project("{2150E333-8FDC-42A3-9474-1A3956D46DE8}") = "Write Service", "Write Service", "{018047FB-7C75-4273-B445-6FDB83B5B037}"
EndProject
Project("{2150E333-8FDC-42A3-9474-1A3956D46DE8}") = "Query Service", "Query Service", "{5BB4FAF9-81CB-48B9-92D1-257B0500F131}"
EndProject
Project("{FAE04EC0-301F-11D3-BF4B-00C04F79EFBC}") = "DesafioArquiteturaSoftware.Query", "DesafioArquiteturaSoftware.Query\DesafioArquiteturaSoftware.Query.csproj", "{54CB966D-1966-4D6B-A87C-AD95E3FBD6B2}"
EndProject
Project("{FAE04EC0-301F-11D3-BF4B-00C04F79EFBC}") = "DesafioArquiteturaSoftware.Query.Tests", "DesafioArquiteturaSoftware.Query.Tests\DesafioArquiteturaSoftware.Query.Tests.csproj", "{2D8FDC0A-6C7E-482D-9D12-354F1A7AB323}"
EndProject
Project("{2150E333-8FDC-42A3-9474-1A3956D46DE8}") = "01-microservice", "01-microservice", "{CB74B216-9ABD-4BE7-8CAC-BE6B80C9F821}"
EndProject
Project("{2150E333-8FDC-42A3-9474-1A3956D46DE8}") = "02-Tests", "02-Tests", "{CE74D318-B898-444C-AA27-AB10594E39EF}"
EndProject
Global
	GlobalSection(SolutionConfigurationPlatforms) = preSolution
		Debug|Any CPU = Debug|Any CPU
		Debug|x64 = Debug|x64
		Debug|x86 = Debug|x86
		Release|Any CPU = Release|Any CPU
		Release|x64 = Release|x64
		Release|x86 = Release|x86
	EndGlobalSection
	GlobalSection(ProjectConfigurationPlatforms) = postSolution
		{0EFBCF9A-ED07-4F3C-8E70-4E716078D252}.Debug|Any CPU.ActiveCfg = Debug|Any CPU
		{0EFBCF9A-ED07-4F3C-8E70-4E716078D252}.Debug|Any CPU.Build.0 = Debug|Any CPU
		{0EFBCF9A-ED07-4F3C-8E70-4E716078D252}.Debug|x64.ActiveCfg = Debug|Any CPU
		{0EFBCF9A-ED07-4F3C-8E70-4E716078D252}.Debug|x64.Build.0 = Debug|Any CPU
		{0EFBCF9A-ED07-4F3C-8E70-4E716078D252}.Debug|x86.ActiveCfg = Debug|Any CPU
		{0EFBCF9A-ED07-4F3C-8E70-4E716078D252}.Debug|x86.Build.0 = Debug|Any CPU
		{0EFBCF9A-ED07-4F3C-8E70-4E716078D252}.Release|Any CPU.ActiveCfg = Release|Any CPU
		{0EFBCF9A-ED07-4F3C-8E70-4E716078D252}.Release|Any CPU.Build.0 = Release|Any CPU
		{0EFBCF9A-ED07-4F3C-8E70-4E716078D252}.Release|x64.ActiveCfg = Release|Any CPU
		{0EFBCF9A-ED07-4F3C-8E70-4E716078D252}.Release|x64.Build.0 = Release|Any CPU
		{0EFBCF9A-ED07-4F3C-8E70-4E716078D252}.Release|x86.ActiveCfg = Release|Any CPU
		{0EFBCF9A-ED07-4F3C-8E70-4E716078D252}.Release|x86.Build.0 = Release|Any CPU
		{9435C979-7973-4F94-8997-8921055B350F}.Debug|Any CPU.ActiveCfg = Debug|Any CPU
		{9435C979-7973-4F94-8997-8921055B350F}.Debug|Any CPU.Build.0 = Debug|Any CPU
		{9435C979-7973-4F94-8997-8921055B350F}.Debug|x64.ActiveCfg = Debug|Any CPU
		{9435C979-7973-4F94-8997-8921055B350F}.Debug|x64.Build.0 = Debug|Any CPU
		{9435C979-7973-4F94-8997-8921055B350F}.Debug|x86.ActiveCfg = Debug|Any CPU
		{9435C979-7973-4F94-8997-8921055B350F}.Debug|x86.Build.0 = Debug|Any CPU
		{9435C979-7973-4F94-8997-8921055B350F}.Release|Any CPU.ActiveCfg = Release|Any CPU
		{9435C979-7973-4F94-8997-8921055B350F}.Release|Any CPU.Build.0 = Release|Any CPU
		{9435C979-7973-4F94-8997-8921055B350F}.Release|x64.ActiveCfg = Release|Any CPU
		{9435C979-7973-4F94-8997-8921055B350F}.Release|x64.Build.0 = Release|Any CPU
		{9435C979-7973-4F94-8997-8921055B350F}.Release|x86.ActiveCfg = Release|Any CPU
		{9435C979-7973-4F94-8997-8921055B350F}.Release|x86.Build.0 = Release|Any CPU
		{CE2F4748-05B4-40ED-A88D-6F5BDD94D229}.Debug|Any CPU.ActiveCfg = Debug|Any CPU
		{CE2F4748-05B4-40ED-A88D-6F5BDD94D229}.Debug|Any CPU.Build.0 = Debug|Any CPU
		{CE2F4748-05B4-40ED-A88D-6F5BDD94D229}.Debug|x64.ActiveCfg = Debug|Any CPU
		{CE2F4748-05B4-40ED-A88D-6F5BDD94D229}.Debug|x64.Build.0 = Debug|Any CPU
		{CE2F4748-05B4-40ED-A88D-6F5BDD94D229}.Debug|x86.ActiveCfg = Debug|Any CPU
		{CE2F4748-05B4-40ED-A88D-6F5BDD94D229}.Debug|x86.Build.0 = Debug|Any CPU
		{CE2F4748-05B4-40ED-A88D-6F5BDD94D229}.Release|Any CPU.ActiveCfg = Release|Any CPU
		{CE2F4748-05B4-40ED-A88D-6F5BDD94D229}.Release|Any CPU.Build.0 = Release|Any CPU
		{CE2F4748-05B4-40ED-A88D-6F5BDD94D229}.Release|x64.ActiveCfg = Release|Any CPU
		{CE2F4748-05B4-40ED-A88D-6F5BDD94D229}.Release|x64.Build.0 = Release|Any CPU
		{CE2F4748-05B4-40ED-A88D-6F5BDD94D229}.Release|x86.ActiveCfg = Release|Any CPU
		{CE2F4748-05B4-40ED-A88D-6F5BDD94D229}.Release|x86.Build.0 = Release|Any CPU
		{2C4914A0-7261-4A4A-A9D0-98371830ED95}.Debug|Any CPU.ActiveCfg = Debug|Any CPU
		{2C4914A0-7261-4A4A-A9D0-98371830ED95}.Debug|Any CPU.Build.0 = Debug|Any CPU
		{2C4914A0-7261-4A4A-A9D0-98371830ED95}.Debug|x64.ActiveCfg = Debug|Any CPU
		{2C4914A0-7261-4A4A-A9D0-98371830ED95}.Debug|x64.Build.0 = Debug|Any CPU
		{2C4914A0-7261-4A4A-A9D0-98371830ED95}.Debug|x86.ActiveCfg = Debug|Any CPU
		{2C4914A0-7261-4A4A-A9D0-98371830ED95}.Debug|x86.Build.0 = Debug|Any CPU
		{2C4914A0-7261-4A4A-A9D0-98371830ED95}.Release|Any CPU.ActiveCfg = Release|Any CPU
		{2C4914A0-7261-4A4A-A9D0-98371830ED95}.Release|Any CPU.Build.0 = Release|Any CPU
		{2C4914A0-7261-4A4A-A9D0-98371830ED95}.Release|x64.ActiveCfg = Release|Any CPU
		{2C4914A0-7261-4A4A-A9D0-98371830ED95}.Release|x64.Build.0 = Release|Any CPU
		{2C4914A0-7261-4A4A-A9D0-98371830ED95}.Release|x86.ActiveCfg = Release|Any CPU
		{2C4914A0-7261-4A4A-A9D0-98371830ED95}.Release|x86.Build.0 = Release|Any CPU
		{0ADE1212-C71E-4F89-B4FC-463E08277F21}.Debug|Any CPU.ActiveCfg = Debug|Any CPU
		{0ADE1212-C71E-4F89-B4FC-463E08277F21}.Debug|Any CPU.Build.0 = Debug|Any CPU
		{0ADE1212-C71E-4F89-B4FC-463E08277F21}.Debug|x64.ActiveCfg = Debug|Any CPU
		{0ADE1212-C71E-4F89-B4FC-463E08277F21}.Debug|x64.Build.0 = Debug|Any CPU
		{0ADE1212-C71E-4F89-B4FC-463E08277F21}.Debug|x86.ActiveCfg = Debug|Any CPU
		{0ADE1212-C71E-4F89-B4FC-463E08277F21}.Debug|x86.Build.0 = Debug|Any CPU
		{0ADE1212-C71E-4F89-B4FC-463E08277F21}.Release|Any CPU.ActiveCfg = Release|Any CPU
		{0ADE1212-C71E-4F89-B4FC-463E08277F21}.Release|Any CPU.Build.0 = Release|Any CPU
		{0ADE1212-C71E-4F89-B4FC-463E08277F21}.Release|x64.ActiveCfg = Release|Any CPU
		{0ADE1212-C71E-4F89-B4FC-463E08277F21}.Release|x64.Build.0 = Release|Any CPU
		{0ADE1212-C71E-4F89-B4FC-463E08277F21}.Release|x86.ActiveCfg = Release|Any CPU
		{0ADE1212-C71E-4F89-B4FC-463E08277F21}.Release|x86.Build.0 = Release|Any CPU
		{54CB966D-1966-4D6B-A87C-AD95E3FBD6B2}.Debug|Any CPU.ActiveCfg = Debug|Any CPU
		{54CB966D-1966-4D6B-A87C-AD95E3FBD6B2}.Debug|Any CPU.Build.0 = Debug|Any CPU
		{54CB966D-1966-4D6B-A87C-AD95E3FBD6B2}.Debug|x64.ActiveCfg = Debug|Any CPU
		{54CB966D-1966-4D6B-A87C-AD95E3FBD6B2}.Debug|x64.Build.0 = Debug|Any CPU
		{54CB966D-1966-4D6B-A87C-AD95E3FBD6B2}.Debug|x86.ActiveCfg = Debug|Any CPU
		{54CB966D-1966-4D6B-A87C-AD95E3FBD6B2}.Debug|x86.Build.0 = Debug|Any CPU
		{54CB966D-1966-4D6B-A87C-AD95E3FBD6B2}.Release|Any CPU.ActiveCfg = Release|Any CPU
		{54CB966D-1966-4D6B-A87C-AD95E3FBD6B2}.Release|Any CPU.Build.0 = Release|Any CPU
		{54CB966D-1966-4D6B-A87C-AD95E3FBD6B2}.Release|x64.ActiveCfg = Release|Any CPU
		{54CB966D-1966-4D6B-A87C-AD95E3FBD6B2}.Release|x64.Build.0 = Release|Any CPU
		{54CB966D-1966-4D6B-A87C-AD95E3FBD6B2}.Release|x86.ActiveCfg = Release|Any CPU
		{54CB966D-1966-4D6B-A87C-AD95E3FBD6B2}.Release|x86.Build.0 = Release|Any CPU
		{2D8FDC0A-6C7E-482D-9D12-354F1A7AB323}.Debug|Any CPU.ActiveCfg = Debug|Any CPU
		{2D8FDC0A-6C7E-482D-9D12-354F1A7AB323}.Debug|Any CPU.Build.0 = Debug|Any CPU
		{2D8FDC0A-6C7E-482D-9D12-354F1A7AB323}.Debug|x64.ActiveCfg = Debug|Any CPU
		{2D8FDC0A-6C7E-482D-9D12-354F1A7AB323}.Debug|x64.Build.0 = Debug|Any CPU
		{2D8FDC0A-6C7E-482D-9D12-354F1A7AB323}.Debug|x86.ActiveCfg = Debug|Any CPU
		{2D8FDC0A-6C7E-482D-9D12-354F1A7AB323}.Debug|x86.Build.0 = Debug|Any CPU
		{2D8FDC0A-6C7E-482D-9D12-354F1A7AB323}.Release|Any CPU.ActiveCfg = Release|Any CPU
		{2D8FDC0A-6C7E-482D-9D12-354F1A7AB323}.Release|Any CPU.Build.0 = Release|Any CPU
		{2D8FDC0A-6C7E-482D-9D12-354F1A7AB323}.Release|x64.ActiveCfg = Release|Any CPU
		{2D8FDC0A-6C7E-482D-9D12-354F1A7AB323}.Release|x64.Build.0 = Release|Any CPU
		{2D8FDC0A-6C7E-482D-9D12-354F1A7AB323}.Release|x86.ActiveCfg = Release|Any CPU
		{2D8FDC0A-6C7E-482D-9D12-354F1A7AB323}.Release|x86.Build.0 = Release|Any CPU
	EndGlobalSection
	GlobalSection(SolutionProperties) = preSolution
		HideSolutionNode = FALSE
	EndGlobalSection
	GlobalSection(NestedProjects) = preSolution
		{0EFBCF9A-ED07-4F3C-8E70-4E716078D252} = {02EA681E-C7D8-13C7-8484-4AC65E1B71E8}
		{9435C979-7973-4F94-8997-8921055B350F} = {81006982-63BC-48D3-A1D9-1DA6E67BBE61}
		{CE2F4748-05B4-40ED-A88D-6F5BDD94D229} = {1D4BDBD1-C7D3-465F-ADD2-1DB80B1661BF}
		{2C4914A0-7261-4A4A-A9D0-98371830ED95} = {CC9033AF-03DE-4990-9D4C-339CCE0C4EA6}
		{02EA681E-C7D8-13C7-8484-4AC65E1B71E8} = {018047FB-7C75-4273-B445-6FDB83B5B037}
		{81006982-63BC-48D3-A1D9-1DA6E67BBE61} = {018047FB-7C75-4273-B445-6FDB83B5B037}
		{1D4BDBD1-C7D3-465F-ADD2-1DB80B1661BF} = {018047FB-7C75-4273-B445-6FDB83B5B037}
		{CC9033AF-03DE-4990-9D4C-339CCE0C4EA6} = {018047FB-7C75-4273-B445-6FDB83B5B037}
		{FE41C874-53E6-4577-99A9-0E17DE81A2C6} = {018047FB-7C75-4273-B445-6FDB83B5B037}
		{0ADE1212-C71E-4F89-B4FC-463E08277F21} = {FE41C874-53E6-4577-99A9-0E17DE81A2C6}
		{54CB966D-1966-4D6B-A87C-AD95E3FBD6B2} = {CB74B216-9ABD-4BE7-8CAC-BE6B80C9F821}
		{2D8FDC0A-6C7E-482D-9D12-354F1A7AB323} = {CE74D318-B898-444C-AA27-AB10594E39EF}
		{CB74B216-9ABD-4BE7-8CAC-BE6B80C9F821} = {5BB4FAF9-81CB-48B9-92D1-257B0500F131}
		{CE74D318-B898-444C-AA27-AB10594E39EF} = {5BB4FAF9-81CB-48B9-92D1-257B0500F131}
	EndGlobalSection
	GlobalSection(ExtensibilityGlobals) = postSolution
		SolutionGuid = {88EE9B8F-A399-41A0-B35A-049CDDBE2001}
	EndGlobalSection
EndGlobal
